<?xml version="1.0" encoding="utf-8"?>
<Project ToolsVersion="4.0" xmlns="http://schemas.microsoft.com/developer/msbuild/2003">
  <ItemGroup>
    <Filter Include="Source Files">
      <UniqueIdentifier>{4FC737F1-C7A5-4376-A066-2A32D752A2FF}</UniqueIdentifier>
      <Extensions>cpp;c;cc;cxx;def;odl;idl;hpj;bat;asm;asmx</Extensions>
    </Filter>
    <Filter Include="Header Files">
      <UniqueIdentifier>{93995380-89BD-4b04-88EB-625FBE52EBFB}</UniqueIdentifier>
      <Extensions>h;hpp;hxx;hm;inl;inc;xsd</Extensions>
    </Filter>
  </ItemGroup>
  <ItemGroup>
    <ClInclude Include="..\rudp\rudp_acceptor.h">
      <Filter>Header Files</Filter>
    </ClInclude>
    <ClInclude Include="..\rudp\rudp_adapter.h">
      <Filter>Header Files</Filter>
    </ClInclude>
    <ClInclude Include="..\rudp\rudp_adapter_interface.h">
      <Filter>Header Files</Filter>
    </ClInclude>
    <ClInclude Include="..\rudp\rudp_ccc.h">
      <Filter>Header Files</Filter>
    </ClInclude>
    <ClInclude Include="..\rudp\rudp_channel_interface.h">
      <Filter>Header Files</Filter>
    </ClInclude>
    <ClInclude Include="..\rudp\rudp_event_handler.h">
      <Filter>Header Files</Filter>
    </ClInclude>
    <ClInclude Include="..\rudp\rudp_half_connection.h">
      <Filter>Header Files</Filter>
    </ClInclude>
    <ClInclude Include="..\rudp\rudp_interface.h">
      <Filter>Header Files</Filter>
    </ClInclude>
    <ClInclude Include="..\rudp\rudp_log_macro.h">
      <Filter>Header Files</Filter>
    </ClInclude>
    <ClInclude Include="..\rudp\rudp_packet.h">
      <Filter>Header Files</Filter>
    </ClInclude>
    <ClInclude Include="..\rudp\rudp_recv_buffer.h">
      <Filter>Header Files</Filter>
    </ClInclude>
    <ClInclude Include="..\rudp\rudp_segment.h">
      <Filter>Header Files</Filter>
    </ClInclude>
    <ClInclude Include="..\rudp\rudp_send_buffer.h">
      <Filter>Header Files</Filter>
    </ClInclude>
    <ClInclude Include="..\rudp\rudp_socket.h">
      <Filter>Header Files</Filter>
    </ClInclude>
    <ClInclude Include="..\rudp\rudp_stream.h">
      <Filter>Header Files</Filter>
    </ClInclude>
  </ItemGroup>
  <ItemGroup>
    <ClCompile Include="..\rudp\rudp_adapter.cpp">
      <Filter>Source Files</Filter>
    </ClCompile>
    <ClCompile Include="..\rudp\rudp_ccc.cpp">
      <Filter>Source Files</Filter>
    </ClCompile>
    <ClCompile Include="..\rudp\rudp_interface.cpp">
      <Filter>Source Files</Filter>
    </ClCompile>
    <ClCompile Include="..\rudp\rudp_log_macro.cpp">
      <Filter>Source Files</Filter>
    </ClCompile>
    <ClCompile Include="..\rudp\rudp_recv_buffer.cpp">
      <Filter>Source Files</Filter>
    </ClCompile>
    <ClCompile Include="..\rudp\rudp_send_buffer.cpp">
      <Filter>Source Files</Filter>
    </ClCompile>
    <ClCompile Include="..\rudp\rudp_socket.cpp">
      <Filter>Source Files</Filter>
    </ClCompile>
    <ClCompile Include="..\rudp\rudp_stream.cpp">
      <Filter>Source Files</Filter>
    </ClCompile>
    <ClCompile Include="..\rudp\rudp_segment.cpp">
      <Filter>Source Files</Filter>
    </ClCompile>
  </ItemGroup>
</Project>