
Microsoft Visual Studio Solution File, Format Version 11.00
# Visual Studio 2010
Project("{8BC9CEB8-8B4A-11D0-8D11-00A0C91BC942}") = "rudp_sender", "rudp_sender\rudp_reciver.vcxproj", "{96A0325B-236A-4A04-AF26-8886A74FEA99}"
EndProject
Project("{2150E333-8FDC-42A3-9474-1A3956D46DE8}") = "Solution Items", "Solution Items", "{96E7E530-4479-43E5-A084-2121DC32955E}"
	ProjectSection(SolutionItems) = preProject
		Performance1.psess = Performance1.psess
	EndProjectSection
EndProject
Global
	GlobalSection(SolutionConfigurationPlatforms) = preSolution
		Debug|Win32 = Debug|Win32
		Release|Win32 = Release|Win32
	EndGlobalSection
	GlobalSection(ProjectConfigurationPlatforms) = postSolution
		{96A0325B-236A-4A04-AF26-8886A74FEA99}.Debug|Win32.ActiveCfg = Debug|Win32
		{96A0325B-236A-4A04-AF26-8886A74FEA99}.Debug|Win32.Build.0 = Debug|Win32
		{96A0325B-236A-4A04-AF26-8886A74FEA99}.Release|Win32.ActiveCfg = Release|Win32
		{96A0325B-236A-4A04-AF26-8886A74FEA99}.Release|Win32.Build.0 = Release|Win32
	EndGlobalSection
	GlobalSection(SolutionProperties) = preSolution
		HideSolutionNode = FALSE
	EndGlobalSection
EndGlobal
